
Microsoft Visual Studio Solution File, Format Version 12.00
# Visual Studio Version 17
VisualStudioVersion = 17.14.36414.22
MinimumVisualStudioVersion = 10.0.40219.1
Project("{8BC9CEB8-8B4A-11D0-8D11-00A0C91BC942}") = "001_bmi", "001_bmi\001_bmi.vcxproj", "{FC17E546-1CD6-48FB-9ECA-8A42EB15B9EF}"
EndProject
Project("{FAE04EC0-301F-11D3-BF4B-00C04F79EFBC}") = "002_bmi_form", "002_bmi form\002_bmi_form.csproj", "{CEF29AF0-8DD7-43E8-AE99-35CFD295362F}"
EndProject
Project("{FAE04EC0-301F-11D3-BF4B-00C04F79EFBC}") = "003_temperature", "003_temperature\003_temperature.csproj", "{5935E978-A7CA-46CD-BE74-3274F7D036BC}"
EndProject
Project("{FAE04EC0-301F-11D3-BF4B-00C04F79EFBC}") = "004_bmi_fix", "004_bmi_수정\004_bmi_fix.csproj", "{B5F8E8E2-2581-4257-957E-7A5EFF4AC888}"
EndProject
Project("{FAE04EC0-301F-11D3-BF4B-00C04F79EFBC}") = "005_login_window", "005_login_window\005_login_window.csproj", "{AE8CB560-2812-42C6-827E-B1274007C080}"
EndProject
Project("{FAE04EC0-301F-11D3-BF4B-00C04F79EFBC}") = "006_basic_controls", "006_basic_controls\006_basic_controls.csproj", "{6A6C0E7C-FD65-4AC4-8BFC-8513FA65EBCF}"
EndProject
Project("{FAE04EC0-301F-11D3-BF4B-00C04F79EFBC}") = "007_message_box", "007_message_box\007_message_box.csproj", "{91E71097-32D4-4310-BA28-2FFF9C5E0430}"
EndProject
Project("{FAE04EC0-301F-11D3-BF4B-00C04F79EFBC}") = "008_label_control", "008_label_\008_label_control.csproj", "{7B7A5DD9-0924-4686-8043-01B9C9F4DF38}"
EndProject
Project("{FAE04EC0-301F-11D3-BF4B-00C04F79EFBC}") = "009_checkbox", "009_checkbox\009_checkbox.csproj", "{1C874FF3-15C3-450C-90C1-18784A73B544}"
EndProject
Global
	GlobalSection(SolutionConfigurationPlatforms) = preSolution
		Debug|Any CPU = Debug|Any CPU
		Debug|x64 = Debug|x64
		Debug|x86 = Debug|x86
		Release|Any CPU = Release|Any CPU
		Release|x64 = Release|x64
		Release|x86 = Release|x86
	EndGlobalSection
	GlobalSection(ProjectConfigurationPlatforms) = postSolution
		{FC17E546-1CD6-48FB-9ECA-8A42EB15B9EF}.Debug|Any CPU.ActiveCfg = Debug|x64
		{FC17E546-1CD6-48FB-9ECA-8A42EB15B9EF}.Debug|Any CPU.Build.0 = Debug|x64
		{FC17E546-1CD6-48FB-9ECA-8A42EB15B9EF}.Debug|x64.ActiveCfg = Debug|x64
		{FC17E546-1CD6-48FB-9ECA-8A42EB15B9EF}.Debug|x64.Build.0 = Debug|x64
		{FC17E546-1CD6-48FB-9ECA-8A42EB15B9EF}.Debug|x86.ActiveCfg = Debug|Win32
		{FC17E546-1CD6-48FB-9ECA-8A42EB15B9EF}.Debug|x86.Build.0 = Debug|Win32
		{FC17E546-1CD6-48FB-9ECA-8A42EB15B9EF}.Release|Any CPU.ActiveCfg = Release|x64
		{FC17E546-1CD6-48FB-9ECA-8A42EB15B9EF}.Release|Any CPU.Build.0 = Release|x64
		{FC17E546-1CD6-48FB-9ECA-8A42EB15B9EF}.Release|x64.ActiveCfg = Release|x64
		{FC17E546-1CD6-48FB-9ECA-8A42EB15B9EF}.Release|x64.Build.0 = Release|x64
		{FC17E546-1CD6-48FB-9ECA-8A42EB15B9EF}.Release|x86.ActiveCfg = Release|Win32
		{FC17E546-1CD6-48FB-9ECA-8A42EB15B9EF}.Release|x86.Build.0 = Release|Win32
		{CEF29AF0-8DD7-43E8-AE99-35CFD295362F}.Debug|Any CPU.ActiveCfg = Debug|Any CPU
		{CEF29AF0-8DD7-43E8-AE99-35CFD295362F}.Debug|Any CPU.Build.0 = Debug|Any CPU
		{CEF29AF0-8DD7-43E8-AE99-35CFD295362F}.Debug|x64.ActiveCfg = Debug|Any CPU
		{CEF29AF0-8DD7-43E8-AE99-35CFD295362F}.Debug|x64.Build.0 = Debug|Any CPU
		{CEF29AF0-8DD7-43E8-AE99-35CFD295362F}.Debug|x86.ActiveCfg = Debug|Any CPU
		{CEF29AF0-8DD7-43E8-AE99-35CFD295362F}.Debug|x86.Build.0 = Debug|Any CPU
		{CEF29AF0-8DD7-43E8-AE99-35CFD295362F}.Release|Any CPU.ActiveCfg = Release|Any CPU
		{CEF29AF0-8DD7-43E8-AE99-35CFD295362F}.Release|Any CPU.Build.0 = Release|Any CPU
		{CEF29AF0-8DD7-43E8-AE99-35CFD295362F}.Release|x64.ActiveCfg = Release|Any CPU
		{CEF29AF0-8DD7-43E8-AE99-35CFD295362F}.Release|x64.Build.0 = Release|Any CPU
		{CEF29AF0-8DD7-43E8-AE99-35CFD295362F}.Release|x86.ActiveCfg = Release|Any CPU
		{CEF29AF0-8DD7-43E8-AE99-35CFD295362F}.Release|x86.Build.0 = Release|Any CPU
		{5935E978-A7CA-46CD-BE74-3274F7D036BC}.Debug|Any CPU.ActiveCfg = Debug|Any CPU
		{5935E978-A7CA-46CD-BE74-3274F7D036BC}.Debug|Any CPU.Build.0 = Debug|Any CPU
		{5935E978-A7CA-46CD-BE74-3274F7D036BC}.Debug|x64.ActiveCfg = Debug|Any CPU
		{5935E978-A7CA-46CD-BE74-3274F7D036BC}.Debug|x64.Build.0 = Debug|Any CPU
		{5935E978-A7CA-46CD-BE74-3274F7D036BC}.Debug|x86.ActiveCfg = Debug|Any CPU
		{5935E978-A7CA-46CD-BE74-3274F7D036BC}.Debug|x86.Build.0 = Debug|Any CPU
		{5935E978-A7CA-46CD-BE74-3274F7D036BC}.Release|Any CPU.ActiveCfg = Release|Any CPU
		{5935E978-A7CA-46CD-BE74-3274F7D036BC}.Release|Any CPU.Build.0 = Release|Any CPU
		{5935E978-A7CA-46CD-BE74-3274F7D036BC}.Release|x64.ActiveCfg = Release|Any CPU
		{5935E978-A7CA-46CD-BE74-3274F7D036BC}.Release|x64.Build.0 = Release|Any CPU
		{5935E978-A7CA-46CD-BE74-3274F7D036BC}.Release|x86.ActiveCfg = Release|Any CPU
		{5935E978-A7CA-46CD-BE74-3274F7D036BC}.Release|x86.Build.0 = Release|Any CPU
		{B5F8E8E2-2581-4257-957E-7A5EFF4AC888}.Debug|Any CPU.ActiveCfg = Debug|Any CPU
		{B5F8E8E2-2581-4257-957E-7A5EFF4AC888}.Debug|Any CPU.Build.0 = Debug|Any CPU
		{B5F8E8E2-2581-4257-957E-7A5EFF4AC888}.Debug|x64.ActiveCfg = Debug|Any CPU
		{B5F8E8E2-2581-4257-957E-7A5EFF4AC888}.Debug|x64.Build.0 = Debug|Any CPU
		{B5F8E8E2-2581-4257-957E-7A5EFF4AC888}.Debug|x86.ActiveCfg = Debug|Any CPU
		{B5F8E8E2-2581-4257-957E-7A5EFF4AC888}.Debug|x86.Build.0 = Debug|Any CPU
		{B5F8E8E2-2581-4257-957E-7A5EFF4AC888}.Release|Any CPU.ActiveCfg = Release|Any CPU
		{B5F8E8E2-2581-4257-957E-7A5EFF4AC888}.Release|Any CPU.Build.0 = Release|Any CPU
		{B5F8E8E2-2581-4257-957E-7A5EFF4AC888}.Release|x64.ActiveCfg = Release|Any CPU
		{B5F8E8E2-2581-4257-957E-7A5EFF4AC888}.Release|x64.Build.0 = Release|Any CPU
		{B5F8E8E2-2581-4257-957E-7A5EFF4AC888}.Release|x86.ActiveCfg = Release|Any CPU
		{B5F8E8E2-2581-4257-957E-7A5EFF4AC888}.Release|x86.Build.0 = Release|Any CPU
		{AE8CB560-2812-42C6-827E-B1274007C080}.Debug|Any CPU.ActiveCfg = Debug|Any CPU
		{AE8CB560-2812-42C6-827E-B1274007C080}.Debug|Any CPU.Build.0 = Debug|Any CPU
		{AE8CB560-2812-42C6-827E-B1274007C080}.Debug|x64.ActiveCfg = Debug|Any CPU
		{AE8CB560-2812-42C6-827E-B1274007C080}.Debug|x64.Build.0 = Debug|Any CPU
		{AE8CB560-2812-42C6-827E-B1274007C080}.Debug|x86.ActiveCfg = Debug|Any CPU
		{AE8CB560-2812-42C6-827E-B1274007C080}.Debug|x86.Build.0 = Debug|Any CPU
		{AE8CB560-2812-42C6-827E-B1274007C080}.Release|Any CPU.ActiveCfg = Release|Any CPU
		{AE8CB560-2812-42C6-827E-B1274007C080}.Release|Any CPU.Build.0 = Release|Any CPU
		{AE8CB560-2812-42C6-827E-B1274007C080}.Release|x64.ActiveCfg = Release|Any CPU
		{AE8CB560-2812-42C6-827E-B1274007C080}.Release|x64.Build.0 = Release|Any CPU
		{AE8CB560-2812-42C6-827E-B1274007C080}.Release|x86.ActiveCfg = Release|Any CPU
		{AE8CB560-2812-42C6-827E-B1274007C080}.Release|x86.Build.0 = Release|Any CPU
		{6A6C0E7C-FD65-4AC4-8BFC-8513FA65EBCF}.Debug|Any CPU.ActiveCfg = Debug|Any CPU
		{6A6C0E7C-FD65-4AC4-8BFC-8513FA65EBCF}.Debug|Any CPU.Build.0 = Debug|Any CPU
		{6A6C0E7C-FD65-4AC4-8BFC-8513FA65EBCF}.Debug|x64.ActiveCfg = Debug|Any CPU
		{6A6C0E7C-FD65-4AC4-8BFC-8513FA65EBCF}.Debug|x64.Build.0 = Debug|Any CPU
		{6A6C0E7C-FD65-4AC4-8BFC-8513FA65EBCF}.Debug|x86.ActiveCfg = Debug|Any CPU
		{6A6C0E7C-FD65-4AC4-8BFC-8513FA65EBCF}.Debug|x86.Build.0 = Debug|Any CPU
		{6A6C0E7C-FD65-4AC4-8BFC-8513FA65EBCF}.Release|Any CPU.ActiveCfg = Release|Any CPU
		{6A6C0E7C-FD65-4AC4-8BFC-8513FA65EBCF}.Release|Any CPU.Build.0 = Release|Any CPU
		{6A6C0E7C-FD65-4AC4-8BFC-8513FA65EBCF}.Release|x64.ActiveCfg = Release|Any CPU
		{6A6C0E7C-FD65-4AC4-8BFC-8513FA65EBCF}.Release|x64.Build.0 = Release|Any CPU
		{6A6C0E7C-FD65-4AC4-8BFC-8513FA65EBCF}.Release|x86.ActiveCfg = Release|Any CPU
		{6A6C0E7C-FD65-4AC4-8BFC-8513FA65EBCF}.Release|x86.Build.0 = Release|Any CPU
		{91E71097-32D4-4310-BA28-2FFF9C5E0430}.Debug|Any CPU.ActiveCfg = Debug|Any CPU
		{91E71097-32D4-4310-BA28-2FFF9C5E0430}.Debug|Any CPU.Build.0 = Debug|Any CPU
		{91E71097-32D4-4310-BA28-2FFF9C5E0430}.Debug|x64.ActiveCfg = Debug|Any CPU
		{91E71097-32D4-4310-BA28-2FFF9C5E0430}.Debug|x64.Build.0 = Debug|Any CPU
		{91E71097-32D4-4310-BA28-2FFF9C5E0430}.Debug|x86.ActiveCfg = Debug|Any CPU
		{91E71097-32D4-4310-BA28-2FFF9C5E0430}.Debug|x86.Build.0 = Debug|Any CPU
		{91E71097-32D4-4310-BA28-2FFF9C5E0430}.Release|Any CPU.ActiveCfg = Release|Any CPU
		{91E71097-32D4-4310-BA28-2FFF9C5E0430}.Release|Any CPU.Build.0 = Release|Any CPU
		{91E71097-32D4-4310-BA28-2FFF9C5E0430}.Release|x64.ActiveCfg = Release|Any CPU
		{91E71097-32D4-4310-BA28-2FFF9C5E0430}.Release|x64.Build.0 = Release|Any CPU
		{91E71097-32D4-4310-BA28-2FFF9C5E0430}.Release|x86.ActiveCfg = Release|Any CPU
		{91E71097-32D4-4310-BA28-2FFF9C5E0430}.Release|x86.Build.0 = Release|Any CPU
		{7B7A5DD9-0924-4686-8043-01B9C9F4DF38}.Debug|Any CPU.ActiveCfg = Debug|Any CPU
		{7B7A5DD9-0924-4686-8043-01B9C9F4DF38}.Debug|Any CPU.Build.0 = Debug|Any CPU
		{7B7A5DD9-0924-4686-8043-01B9C9F4DF38}.Debug|x64.ActiveCfg = Debug|Any CPU
		{7B7A5DD9-0924-4686-8043-01B9C9F4DF38}.Debug|x64.Build.0 = Debug|Any CPU
		{7B7A5DD9-0924-4686-8043-01B9C9F4DF38}.Debug|x86.ActiveCfg = Debug|Any CPU
		{7B7A5DD9-0924-4686-8043-01B9C9F4DF38}.Debug|x86.Build.0 = Debug|Any CPU
		{7B7A5DD9-0924-4686-8043-01B9C9F4DF38}.Release|Any CPU.ActiveCfg = Release|Any CPU
		{7B7A5DD9-0924-4686-8043-01B9C9F4DF38}.Release|Any CPU.Build.0 = Release|Any CPU
		{7B7A5DD9-0924-4686-8043-01B9C9F4DF38}.Release|x64.ActiveCfg = Release|Any CPU
		{7B7A5DD9-0924-4686-8043-01B9C9F4DF38}.Release|x64.Build.0 = Release|Any CPU
		{7B7A5DD9-0924-4686-8043-01B9C9F4DF38}.Release|x86.ActiveCfg = Release|Any CPU
		{7B7A5DD9-0924-4686-8043-01B9C9F4DF38}.Release|x86.Build.0 = Release|Any CPU
		{1C874FF3-15C3-450C-90C1-18784A73B544}.Debug|Any CPU.ActiveCfg = Debug|Any CPU
		{1C874FF3-15C3-450C-90C1-18784A73B544}.Debug|Any CPU.Build.0 = Debug|Any CPU
		{1C874FF3-15C3-450C-90C1-18784A73B544}.Debug|x64.ActiveCfg = Debug|Any CPU
		{1C874FF3-15C3-450C-90C1-18784A73B544}.Debug|x64.Build.0 = Debug|Any CPU
		{1C874FF3-15C3-450C-90C1-18784A73B544}.Debug|x86.ActiveCfg = Debug|Any CPU
		{1C874FF3-15C3-450C-90C1-18784A73B544}.Debug|x86.Build.0 = Debug|Any CPU
		{1C874FF3-15C3-450C-90C1-18784A73B544}.Release|Any CPU.ActiveCfg = Release|Any CPU
		{1C874FF3-15C3-450C-90C1-18784A73B544}.Release|Any CPU.Build.0 = Release|Any CPU
		{1C874FF3-15C3-450C-90C1-18784A73B544}.Release|x64.ActiveCfg = Release|Any CPU
		{1C874FF3-15C3-450C-90C1-18784A73B544}.Release|x64.Build.0 = Release|Any CPU
		{1C874FF3-15C3-450C-90C1-18784A73B544}.Release|x86.ActiveCfg = Release|Any CPU
		{1C874FF3-15C3-450C-90C1-18784A73B544}.Release|x86.Build.0 = Release|Any CPU
	EndGlobalSection
	GlobalSection(SolutionProperties) = preSolution
		HideSolutionNode = FALSE
	EndGlobalSection
	GlobalSection(ExtensibilityGlobals) = postSolution
		SolutionGuid = {737D3319-6A77-410F-923E-862D417A5016}
	EndGlobalSection
EndGlobal
